# This file is automatically @generated by Poetry 1.8.2 and should not be changed by hand.

[[package]]
name = "colorama"
version = "0.4.6"
description = "Cross-platform colored terminal text."
optional = false
python-versions = "!=3.0.*,!=3.1.*,!=3.2.*,!=3.3.*,!=3.4.*,!=3.5.*,!=3.6.*,>=2.7"
files = [
    {file = "colorama-0.4.6-py2.py3-none-any.whl", hash = "sha256:4f1d9991f5acc0ca119f9d443620b77f9d6b33703e51011c16baf57afb285fc6"},
    {file = "colorama-0.4.6.tar.gz", hash = "sha256:08695f5cb7ed6e0531a20572697297273c47b8cae5a63ffc6d6ed5c201be6e44"},
]

[[package]]
name = "iniconfig"
version = "2.3.0"
description = "brain-dead simple config-ini parsing"
optional = false
python-versions = ">=3.10"
files = [
    {file = "iniconfig-2.3.0-py3-none-any.whl", hash = "sha256:f631c04d2c48c52b84d0d0549c99ff3859c98df65b3101406327ecc7d53fbf12"},
    {file = "iniconfig-2.3.0.tar.gz", hash = "sha256:c76315c77db068650d49c5b56314774a7804df16fee4402c1f19d6d15d8c4730"},
]

[[package]]
name = "packaging"
version = "26.0"
description = "Core utilities for Python packages"
optional = false
python-versions = ">=3.8"
files = [
    {file = "packaging-26.0-py3-none-any.whl", hash = "sha256:b36f1fef9334a5588b4166f8bcd26a14e521f2b55e6b9de3aaa80d3ff7a37529"},
    {file = "packaging-26.0.tar.gz", hash = "sha256:00243ae351a257117b6a241061796684b084ed1c516a08c48a3f7e147a9d80b4"},
]

[[package]]
name = "pluggy"
version = "1.6.0"
description = "plugin and hook calling mechanisms for python"
optional = false
python-versions = ">=3.9"
files = [
    {file = "pluggy-1.6.0-py3-none-any.whl", hash = "sha256:e920276dd6813095e9377c0bc5566d94c932c33b27a3e3945d8389c374dd4746"},
    {file = "pluggy-1.6.0.tar.gz", hash = "sha256:7dcc130b76258d33b90f61b658791dede3486c3e6bfb003ee5c9bfb396dd22f3"},
]

[package.extras]
dev = ["pre-commit", "tox"]
testing = ["coverage", "pytest", "pytest-benchmark"]

[[package]]
name = "pygments"
version = "2.19.2"
description = "Pygments is a syntax highlighting package written in Python."
optional = false
python-versions = ">=3.8"
files = [
    {file = "pygments-2.19.2-py3-none-any.whl", hash = "sha256:86540386c03d588bb81d44bc3928634ff26449851e99741617ecb9037ee5ec0b"},
    {file = "pygments-2.19.2.tar.gz", hash = "sha256:636cb2477cec7f8952536970bc533bc43743542f70392ae026374600add5b887"},
]

[package.extras]
windows-terminal = ["colorama (>=0.4.6)"]

[[package]]
name = "pyswisseph"
version = "2.10.3.2"
description = "Python extension to the Swiss Ephemeris"
optional = false
python-versions = ">=3.5"
files = [
    {file = "pyswisseph-2.10.3.2-cp310-cp310-macosx_10_9_universal2.whl", hash = "sha256:0dbbc136286e590aeeddd6bd76fa7058b5672ebb338b49c584f3396e5dbc0c7a"},
    {file = "pyswisseph-2.10.3.2-cp310-cp310-manylinux_2_17_i686.manylinux2014_i686.whl", hash = "sha256:2dc1bef1d425f27684b0316e3f2bd6bb199e8da2af9e5e6bd4a29c309eba01c3"},
    {file = "pyswisseph-2.10.3.2-cp310-cp310-manylinux_2_17_x86_64.manylinux2014_x86_64.whl", hash = "sha256:4875ffe097c8c64af3ac81981424a982e2347dc75be6c9cf4a2ea6440146123d"},
    {file = "pyswisseph-2.10.3.2-cp310-cp310-musllinux_1_1_i686.whl", hash = "sha256:5b85e2b13ef184b4a1359ee6de4de6fcad3e06a712d4d702193390a631f7170b"},
    {file = "pyswisseph-2.10.3.2-cp310-cp310-musllinux_1_1_x86_64.whl", hash = "sha256:abbc432eafddbeeb796ff203673a7a1c70b46dc5b2b416260c684439dc4e3712"},
    {file = "pyswisseph-2.10.3.2-cp310-cp310-win32.whl", hash = "sha256:aca91c81fb89af4b0007e28b8f0c4316839beaf5d0c32dbbbf37cc3d402acd36"},
    {file = "pyswisseph-2.10.3.2-cp310-cp310-win_amd64.whl", hash = "sha256:9311eac2a95dd22d1b49f7ff963807a300dd64fd178f89d92ea3d864f372154e"},
    {file = "pyswisseph-2.10.3.2-cp311-cp311-macosx_10_9_universal2.whl", hash = "sha256:b83407a030d653ead529c07bebac72acf55426140b1b4dbf89026a1369806df6"},
    {file = "pyswisseph-2.10.3.2-cp311-cp311-manylinux_2_17_i686.manylinux2014_i686.whl", hash = "sha256:458ee64b79fe593c68fa636ba00db81d131e5a6bd028685493bfb64b879e2d72"},
    {file = "pyswisseph-2.10.3.2-cp311-cp311-manylinux_2_17_x86_64.manylinux2014_x86_64.whl", hash = "sha256:e00d7e08aeafe00938603bc118874b6ca7871c5aaa55aafca8fa2c6d76aff812"},
    {file = "pyswisseph-2.10.3.2-cp311-cp311-musllinux_1_1_i686.whl", hash = "sha256:b574cc5a39ea73f8916663254c8ac15c56f09735d68e9cba1e6f958a49bb45bd"},
    {file = "pyswisseph-2.10.3.2-cp311-cp311-musllinux_1_1_x86_64.whl", hash = "sha256:e5cf469ef1ebbf4d426eea862b45c8ec00ab827247f69758d038924e5efb3a9d"},
    {file = "pyswisseph-2.10.3.2-cp311-cp311-win32.whl", hash = "sha256:0b2208aa72e4a9265ffa6281180684bbce78becfede209ce3d1623736aade184"},
    {file = "pyswisseph-2.10.3.2-cp311-cp311-win_amd64.whl", hash = "sha256:2b4a24f7954e1456ecbd3bb091b7c2a8a2e9838ff56e0d8af0f9e897fa84eb25"},
    {file = "pyswisseph-2.10.3.2-cp36-cp36m-manylinux_2_17_i686.manylinux2014_i686.whl", hash = "sha256:211d24ef32e1ecbba813bfaf40f61a92907ca9a3391c06fe7908089b8744e525"},
    {file = "pyswisseph-2.10.3.2-cp36-cp36m-manylinux_2_17_x86_64.manylinux2014_x86_64.whl", hash = "sha256:8d68d426d4797498166625b10faf443e1ca0bf92ea5c0481d1cdb15c3c275681"},
    {file = "pyswisseph-2.10.3.2-cp36-cp36m-musllinux_1_1_i686.whl", hash = "sha256:918bf7e98859617354c6a7f906d601a1705b347b6ab5c4d322f5723939be25a1"},
    {file = "pyswisseph-2.10.3.2-cp36-cp36m-musllinux_1_1_x86_64.whl", hash = "sha256:68c3ab7d9c6a3082140873bbe3c85ad24c60266f86ec82604e938a426242a4f4"},
    {file = "pyswisseph-2.10.3.2-cp36-cp36m-win32.whl", hash = "sha256:6ec2dfcba027772ae47022d270681158f651408745207e232d5265ec44645004"},
    {file = "pyswisseph-2.10.3.2-cp36-cp36m-win_amd64.whl", hash = "sha256:dd18263a891d7a124d8affbbef762648717a96e8d6488a50c76d9d2841aa7b76"},
    {file = "pyswisseph-2.10.3.2-cp37-cp37m-manylinux_2_17_i686.manylinux2014_i686.whl", hash = "sha256:674e144927e75d5e17ba850b2510f6dfaabfb747caa43ff379f362b28522759a"},
    {file = "pyswisseph-2.10.3.2-cp37-cp37m-manylinux_2_17_x86_64.manylinux2014_x86_64.whl", hash = "sha256:af2a8630b28ef5ee503e7df7ead8387d8a42d742421bc72527f51277701f0ba0"},
    {file = "pyswisseph-2.10.3.2-cp37-cp37m-musllinux_1_1_i686.whl", hash = "sha256:c16400d53712d9b9502cade4588527c38916aed4c3d1116a1acaa45629ae5846"},
    {file = "pyswisseph-2.10.3.2-cp37-cp37m-musllinux_1_1_x86_64.whl", hash = "sha256:b064b1dd0c7d010abf54a2899f72ea93b58f7c571822e6af6cfecc828b914aa9"},
    {file = "pyswisseph-2.10.3.2-cp37-cp37m-win32.whl", hash = "sha256:b87426c0c1c2e6d690f74cf79f7fb895bee5f70fa44e682ad90e7cfe9d8c1b37"},
    {file = "pyswisseph-2.10.3.2-cp37-cp37m-win_amd64.whl", hash = "sha256:45d6053a62d5c5507bb62d2cebffa50fd8bd23ba073885dcda37ff22c9f07754"},
    {file = "pyswisseph-2.10.3.2-cp38-cp38-macosx_10_9_universal2.whl", hash = "sha256:bf3c9a3348619d923d7a4094c85799bd7cd1fc0ede772ccfb46c349d0a23cc55"},
    {file = "pyswisseph-2.10.3.2-cp38-cp38-manylinux_2_17_i686.manylinux2014_i686.whl", hash = "sha256:3c17f51fe4a216569751a213eb0cd446ca3090d6c712faa7703b480e5ca0225e"},
    {file = "pyswisseph-2.10.3.2-cp38-cp38-manylinux_2_17_x86_64.manylinux2014_x86_64.whl", hash = "sha256:c940366463a538979ab1660689040e140e6e655904b7e091a83e5c187960c864"},
    {file = "pyswisseph-2.10.3.2-cp38-cp38-musllinux_1_1_i686.whl", hash = "sha256:20105a2a51154d143e01f43c65c9a35c60fa55a57a8d1b57be813fe0b37a8593"},
    {file = "pyswisseph-2.10.3.2-cp38-cp38-musllinux_1_1_x86_64.whl", hash = "sha256:05b3f752d97d03614890aaa535d12eeccebc63b4ef251742e81dd5e4aaf492a2"},
    {file = "pyswisseph-2.10.3.2-cp38-cp38-win32.whl", hash = "sha256:5a48ae6ea23ffe54fd1728f80439da5e391b48894590d33d3a7c3fcf45d7c54d"},
    {file = "pyswisseph-2.10.3.2-cp38-cp38-win_amd64.whl", hash = "sha256:0cd5f0c3abef25caa762d02b3d4627f5270de192e298a3d33ac64acc98424116"},
    {file = "pyswisseph-2.10.3.2-cp39-cp39-macosx_10_9_universal2.whl", hash = "sha256:469e9aebd448422f89d4db7ddbcf9160ea3197e077c6768e66277f17212f2266"},
    {file = "pyswisseph-2.10.3.2-cp39-cp39-manylinux_2_17_i686.manylinux2014_i686.whl", hash = "sha256:aeb69a80d3d17546ca972dc1ccb265fdf243cb7dbbdf51638201b2b914d68713"},
    {file = "pyswisseph-2.10.3.2-cp39-cp39-manylinux_2_17_x86_64.manylinux2014_x86_64.whl", hash = "sha256:8ad53c34f78a9fc0d6b1e161ec3215c004557059fc43db315a422180d214c4f6"},
    {file = "pyswisseph-2.10.3.2-cp39-cp39-musllinux_1_1_i686.whl", hash = "sha256:54d249d14edac52397558123c22c44f0f08646c8a93406b024c510bc03966e63"},
    {file = "pyswisseph-2.10.3.2-cp39-cp39-musllinux_1_1_x86_64.whl", hash = "sha256:64fc710b41ccb85b155ca90e26baa7c9007ec65d99b19d274ef202c2f6883440"},
    {file = "pyswisseph-2.10.3.2-cp39-cp39-win32.whl", hash = "sha256:21e983213007ad845023cd17f7fafecbc23bc265672079d77b46295be7dfb465"},
    {file = "pyswisseph-2.10.3.2-cp39-cp39-win_amd64.whl", hash = "sha256:b19fb3400d0ae5b0a7d6e2fcd5730bbd672b1be27dd7bc83ebe3b0159c1e1cf1"},
    {file = "pyswisseph-2.10.3.2.tar.gz", hash = "sha256:c54c305e83dbd5d2b71e58d8a69d8ee41de24c4d3328ce09e2af860a3537624d"},
]

[[package]]
name = "pytest"
version = "9.0.2"
description = "pytest: simple powerful testing with Python"
optional = false
python-versions = ">=3.10"
files = [
    {file = "pytest-9.0.2-py3-none-any.whl", hash = "sha256:711ffd45bf766d5264d487b917733b453d917afd2b0ad65223959f59089f875b"},
    {file = "pytest-9.0.2.tar.gz", hash = "sha256:75186651a92bd89611d1d9fc20f0b4345fd827c41ccd5c299a868a05d70edf11"},
]

[package.dependencies]
colorama = {version = ">=0.4", markers = "sys_platform == \"win32\""}
iniconfig = ">=1.0.1"
packaging = ">=22"
pluggy = ">=1.5,<2"
pygments = ">=2.7.2"

[package.extras]
dev = ["argcomplete", "attrs (>=19.2)", "hypothesis (>=3.56)", "mock", "requests", "setuptools", "xmlschema"]

[[package]]
name = "ruff"
version = "0.15.4"
description = "An extremely fast Python linter and code formatter, written in Rust."
optional = false
python-versions = ">=3.7"
files = [
    {file = "ruff-0.15.4-py3-none-linux_armv6l.whl", hash = "sha256:a1810931c41606c686bae8b5b9a8072adac2f611bb433c0ba476acba17a332e0"},
    {file = "ruff-0.15.4-py3-none-macosx_10_12_x86_64.whl", hash = "sha256:5a1632c66672b8b4d3e1d1782859e98d6e0b4e70829530666644286600a33992"},
    {file = "ruff-0.15.4-py3-none-macosx_11_0_arm64.whl", hash = "sha256:a4386ba2cd6c0f4ff75252845906acc7c7c8e1ac567b7bc3d373686ac8c222ba"},
    {file = "ruff-0.15.4-py3-none-manylinux_2_17_aarch64.manylinux2014_aarch64.whl", hash = "sha256:b2496488bdfd3732747558b6f95ae427ff066d1fcd054daf75f5a50674411e75"},
    {file = "ruff-0.15.4-py3-none-manylinux_2_17_armv7l.manylinux2014_armv7l.whl", hash = "sha256:3f1c4893841ff2d54cbda1b2860fa3260173df5ddd7b95d370186f8a5e66a4ac"},
    {file = "ruff-0.15.4-py3-none-manylinux_2_17_i686.manylinux2014_i686.whl", hash = "sha256:820b8766bd65503b6c30aaa6331e8ef3a6e564f7999c844e9a547c40179e440a"},
    {file = "ruff-0.15.4-py3-none-manylinux_2_17_ppc64le.manylinux2014_ppc64le.whl", hash = "sha256:c9fb74bab47139c1751f900f857fa503987253c3ef89129b24ed375e72873e85"},
    {file = "ruff-0.15.4-py3-none-manylinux_2_17_s390x.manylinux2014_s390x.whl", hash = "sha256:f80c98765949c518142b3a50a5db89343aa90f2c2bf7799de9986498ae6176db"},
    {file = "ruff-0.15.4-py3-none-manylinux_2_17_x86_64.manylinux2014_x86_64.whl", hash = "sha256:451a2e224151729b3b6c9ffb36aed9091b2996fe4bdbd11f47e27d8f2e8888ec"},
    {file = "ruff-0.15.4-py3-none-manylinux_2_31_riscv64.whl", hash = "sha256:a8f157f2e583c513c4f5f896163a93198297371f34c04220daf40d133fdd4f7f"},
    {file = "ruff-0.15.4-py3-none-musllinux_1_2_aarch64.whl", hash = "sha256:917cc68503357021f541e69b35361c99387cdbbf99bd0ea4aa6f28ca99ff5338"},
    {file = "ruff-0.15.4-py3-none-musllinux_1_2_armv7l.whl", hash = "sha256:e9737c8161da79fd7cfec19f1e35620375bd8b2a50c3e77fa3d2c16f574105cc"},
    {file = "ruff-0.15.4-py3-none-musllinux_1_2_i686.whl", hash = "sha256:291258c917539e18f6ba40482fe31d6f5ac023994ee11d7bdafd716f2aab8a68"},
    {file = "ruff-0.15.4-py3-none-musllinux_1_2_x86_64.whl", hash = "sha256:3f83c45911da6f2cd5936c436cf86b9f09f09165f033a99dcf7477e34041cbc3"},
    {file = "ruff-0.15.4-py3-none-win32.whl", hash = "sha256:65594a2d557d4ee9f02834fcdf0a28daa8b3b9f6cb2cb93846025a36db47ef22"},
    {file = "ruff-0.15.4-py3-none-win_amd64.whl", hash = "sha256:04196ad44f0df220c2ece5b0e959c2f37c777375ec744397d21d15b50a75264f"},
    {file = "ruff-0.15.4-py3-none-win_arm64.whl", hash = "sha256:60d5177e8cfc70e51b9c5fad936c634872a74209f934c1e79107d11787ad5453"},
    {file = "ruff-0.15.4.tar.gz", hash = "sha256:3412195319e42d634470cc97aa9803d07e9d5c9223b99bcb1518f0c725f26ae1"},
]

[metadata]
lock-version = "2.0"
python-versions = "^3.12"
content-hash = "24bb32868b3e15da19b1de7d31319eebe8a3453bdd21ebd70e2d283624db6cae"
